
Microsoft Visual Studio Solution File, Format Version 11.00
# Visual Studio 2010
Project("{159641D6-6404-4A2A-AE62-294DE0FE8301}") = "Integration Services Project", "Integration Services Project\Integration Services Project.dtproj", "{27B76CF1-0454-4505-BBF0-60B5B4B8304F}"
EndProject
Global
	GlobalSection(SolutionConfigurationPlatforms) = preSolution
		Development|Default = Development|Default
	EndGlobalSection
	GlobalSection(ProjectConfigurationPlatforms) = postSolution
		{27B76CF1-0454-4505-BBF0-60B5B4B8304F}.Development|Default.ActiveCfg = Development
		{27B76CF1-0454-4505-BBF0-60B5B4B8304F}.Development|Default.Build.0 = Development
	EndGlobalSection
	GlobalSection(SolutionProperties) = preSolution
		HideSolutionNode = FALSE
	EndGlobalSection
EndGlobal
